
Microsoft Visual Studio Solution File, Format Version 12.00
# Visual Studio Version 17
VisualStudioVersion = 17.2.32602.215
MinimumVisualStudioVersion = 10.0.40219.1
Project("{FAE04EC0-301F-11D3-BF4B-00C04F79EFBC}") = "WebApplication1", "WebApplication1\WebApplication1.csproj", "{45727023-53F7-4593-9396-80F21B131579}"
EndProject
Global
	GlobalSection(SolutionConfigurationPlatforms) = preSolution
		Debug|Any CPU = Debug|Any CPU
		Release|Any CPU = Release|Any CPU
	EndGlobalSection
	GlobalSection(ProjectConfigurationPlatforms) = postSolution
		{45727023-53F7-4593-9396-80F21B131579}.Debug|Any CPU.ActiveCfg = Debug|Any CPU
		{45727023-53F7-4593-9396-80F21B131579}.Debug|Any CPU.Build.0 = Debug|Any CPU
		{45727023-53F7-4593-9396-80F21B131579}.Release|Any CPU.ActiveCfg = Release|Any CPU
		{45727023-53F7-4593-9396-80F21B131579}.Release|Any CPU.Build.0 = Release|Any CPU
	EndGlobalSection
	GlobalSection(SolutionProperties) = preSolution
		HideSolutionNode = FALSE
	EndGlobalSection
	GlobalSection(ExtensibilityGlobals) = postSolution
		SolutionGuid = {02C03D15-3A64-4E21-B84F-A1E5F463FDFB}
	EndGlobalSection
EndGlobal
